
Microsoft Visual Studio Solution File, Format Version 12.00
# Visual Studio Version 16
VisualStudioVersion = 16.0.30503.244
MinimumVisualStudioVersion = 10.0.40219.1
Project("{FAE04EC0-301F-11D3-BF4B-00C04F79EFBC}") = "RegularExpressions", "RegularExpressions.csproj", "{A5F47234-F574-4D19-B03D-C6098A856B53}"
EndProject
Global
	GlobalSection(SolutionConfigurationPlatforms) = preSolution
		Debug|Any CPU = Debug|Any CPU
		Release|Any CPU = Release|Any CPU
	EndGlobalSection
	GlobalSection(ProjectConfigurationPlatforms) = postSolution
		{A5F47234-F574-4D19-B03D-C6098A856B53}.Debug|Any CPU.ActiveCfg = Debug|Any CPU
		{A5F47234-F574-4D19-B03D-C6098A856B53}.Debug|Any CPU.Build.0 = Debug|Any CPU
		{A5F47234-F574-4D19-B03D-C6098A856B53}.Release|Any CPU.ActiveCfg = Release|Any CPU
		{A5F47234-F574-4D19-B03D-C6098A856B53}.Release|Any CPU.Build.0 = Release|Any CPU
	EndGlobalSection
	GlobalSection(SolutionProperties) = preSolution
		HideSolutionNode = FALSE
	EndGlobalSection
	GlobalSection(ExtensibilityGlobals) = postSolution
		SolutionGuid = {0DA080DF-B480-4A14-80A9-3EB6E0F17D43}
	EndGlobalSection
EndGlobal
